// !$*UTF8*$!
{
	archiveVersion = 1;
	classes = {
	};
	objectVersion = 46;
	objects = {

/* Begin PBXBuildFile section */
		575581351ED43B83008F3071 /* main.m in Sources */ = {isa = PBXBuildFile; fileRef = 575581341ED43B83008F3071 /* main.m */; };
		575581381ED43B83008F3071 /* AppDelegate.m in Sources */ = {isa = PBXBuildFile; fileRef = 575581371ED43B83008F3071 /* AppDelegate.m */; };
		5755813B1ED43B83008F3071 /* ViewController.m in Sources */ = {isa = PBXBuildFile; fileRef = 5755813A1ED43B83008F3071 /* ViewController.m */; };
		5755813E1ED43B83008F3071 /* Main.storyboard in Resources */ = {isa = PBXBuildFile; fileRef = 5755813C1ED43B83008F3071 /* Main.storyboard */; };
		575581401ED43B83008F3071 /* Assets.xcassets in Resources */ = {isa = PBXBuildFile; fileRef = 5755813F1ED43B83008F3071 /* Assets.xcassets */; };
		575581431ED43B83008F3071 /* LaunchScreen.storyboard in Resources */ = {isa = PBXBuildFile; fileRef = 575581411ED43B83008F3071 /* LaunchScreen.storyboard */; };
		5755814E1ED43B83008F3071 /* LinearLayoutTests.m in Sources */ = {isa = PBXBuildFile; fileRef = 5755814D1ED43B83008F3071 /* LinearLayoutTests.m */; };
		575581591ED43B83008F3071 /* LinearLayoutUITests.m in Sources */ = {isa = PBXBuildFile; fileRef = 575581581ED43B83008F3071 /* LinearLayoutUITests.m */; };
		575581691ED43BF6008F3071 /* FFLinearLayout.m in Sources */ = {isa = PBXBuildFile; fileRef = 575581681ED43BF6008F3071 /* FFLinearLayout.m */; };
		5755816D1ED43CF3008F3071 /* LinearCell.m in Sources */ = {isa = PBXBuildFile; fileRef = 5755816B1ED43CF3008F3071 /* LinearCell.m */; };
		5755816E1ED43CF3008F3071 /* LinearCell.xib in Resources */ = {isa = PBXBuildFile; fileRef = 5755816C1ED43CF3008F3071 /* LinearCell.xib */; };
/* End PBXBuildFile section */

/* Begin PBXContainerItemProxy section */
		5755814A1ED43B83008F3071 /* PBXContainerItemProxy */ = {
			isa = PBXContainerItemProxy;
			containerPortal = 575581281ED43B83008F3071 /* Project object */;
			proxyType = 1;
			remoteGlobalIDString = 5755812F1ED43B83008F3071;
			remoteInfo = LinearLayout;
		};
		575581551ED43B83008F3071 /* PBXContainerItemProxy */ = {
			isa = PBXContainerItemProxy;
			containerPortal = 575581281ED43B83008F3071 /* Project object */;
			proxyType = 1;
			remoteGlobalIDString = 5755812F1ED43B83008F3071;
			remoteInfo = LinearLayout;
		};
/* End PBXContainerItemProxy section */

/* Begin PBXFileReference section */
		575581301ED43B83008F3071 /* LinearLayout.app */ = {isa = PBXFileReference; explicitFileType = wrapper.application; includeInIndex = 0; path = LinearLayout.app; sourceTree = BUILT_PRODUCTS_DIR; };
		575581341ED43B83008F3071 /* main.m */ = {isa = PBXFileReference; lastKnownFileType = sourcecode.c.objc; path = main.m; sourceTree = "<group>"; };
		575581361ED43B83008F3071 /* AppDelegate.h */ = {isa = PBXFileReference; lastKnownFileType = sourcecode.c.h; path = AppDelegate.h; sourceTree = "<group>"; };
		575581371ED43B83008F3071 /* AppDelegate.m */ = {isa = PBXFileReference; lastKnownFileType = sourcecode.c.objc; path = AppDelegate.m; sourceTree = "<group>"; };
		575581391ED43B83008F3071 /* ViewController.h */ = {isa = PBXFileReference; lastKnownFileType = sourcecode.c.h; path = ViewController.h; sourceTree = "<group>"; };
		5755813A1ED43B83008F3071 /* ViewController.m */ = {isa = PBXFileReference; lastKnownFileType = sourcecode.c.objc; path = ViewController.m; sourceTree = "<group>"; };
		5755813D1ED43B83008F3071 /* Base */ = {isa = PBXFileReference; lastKnownFileType = file.storyboard; name = Base; path = Base.lproj/Main.storyboard; sourceTree = "<group>"; };
		5755813F1ED43B83008F3071 /* Assets.xcassets */ = {isa = PBXFileReference; lastKnownFileType = folder.assetcatalog; path = Assets.xcassets; sourceTree = "<group>"; };
		575581421ED43B83008F3071 /* Base */ = {isa = PBXFileReference; lastKnownFileType = file.storyboard; name = Base; path = Base.lproj/LaunchScreen.storyboard; sourceTree = "<group>"; };
		575581441ED43B83008F3071 /* Info.plist */ = {isa = PBXFileReference; lastKnownFileType = text.plist.xml; path = Info.plist; sourceTree = "<group>"; };
		575581491ED43B83008F3071 /* LinearLayoutTests.xctest */ = {isa = PBXFileReference; explicitFileType = wrapper.cfbundle; includeInIndex = 0; path = LinearLayoutTests.xctest; sourceTree = BUILT_PRODUCTS_DIR; };
		5755814D1ED43B83008F3071 /* LinearLayoutTests.m */ = {isa = PBXFileReference; lastKnownFileType = sourcecode.c.objc; path = LinearLayoutTests.m; sourceTree = "<group>"; };
		5755814F1ED43B83008F3071 /* Info.plist */ = {isa = PBXFileReference; lastKnownFileType = text.plist.xml; path = Info.plist; sourceTree = "<group>"; };
		575581541ED43B83008F3071 /* LinearLayoutUITests.xctest */ = {isa = PBXFileReference; explicitFileType = wrapper.cfbundle; includeInIndex = 0; path = LinearLayoutUITests.xctest; sourceTree = BUILT_PRODUCTS_DIR; };
		575581581ED43B83008F3071 /* LinearLayoutUITests.m */ = {isa = PBXFileReference; lastKnownFileType = sourcecode.c.objc; path = LinearLayoutUITests.m; sourceTree = "<group>"; };
		5755815A1ED43B83008F3071 /* Info.plist */ = {isa = PBXFileReference; lastKnownFileType = text.plist.xml; path = Info.plist; sourceTree = "<group>"; };
		575581671ED43BF6008F3071 /* FFLinearLayout.h */ = {isa = PBXFileReference; fileEncoding = 4; lastKnownFileType = sourcecode.c.h; path = FFLinearLayout.h; sourceTree = "<group>"; };
		575581681ED43BF6008F3071 /* FFLinearLayout.m */ = {isa = PBXFileReference; fileEncoding = 4; lastKnownFileType = sourcecode.c.objc; path = FFLinearLayout.m; sourceTree = "<group>"; };
		5755816A1ED43CF3008F3071 /* LinearCell.h */ = {isa = PBXFileReference; fileEncoding = 4; lastKnownFileType = sourcecode.c.h; path = LinearCell.h; sourceTree = "<group>"; };
		5755816B1ED43CF3008F3071 /* LinearCell.m */ = {isa = PBXFileReference; fileEncoding = 4; lastKnownFileType = sourcecode.c.objc; path = LinearCell.m; sourceTree = "<group>"; };
		5755816C1ED43CF3008F3071 /* LinearCell.xib */ = {isa = PBXFileReference; fileEncoding = 4; lastKnownFileType = file.xib; path = LinearCell.xib; sourceTree = "<group>"; };
/* End PBXFileReference section */

/* Begin PBXFrameworksBuildPhase section */
		5755812D1ED43B83008F3071 /* Frameworks */ = {
			isa = PBXFrameworksBuildPhase;
			buildActionMask = 2147483647;
			files = (
			);
			runOnlyForDeploymentPostprocessing = 0;
		};
		575581461ED43B83008F3071 /* Frameworks */ = {
			isa = PBXFrameworksBuildPhase;
			buildActionMask = 2147483647;
			files = (
			);
			runOnlyForDeploymentPostprocessing = 0;
		};
		575581511ED43B83008F3071 /* Frameworks */ = {
			isa = PBXFrameworksBuildPhase;
			buildActionMask = 2147483647;
			files = (
			);
			runOnlyForDeploymentPostprocessing = 0;
		};
/* End PBXFrameworksBuildPhase section */

/* Begin PBXGroup section */
		575581271ED43B83008F3071 = {
			isa = PBXGroup;
			children = (
				575581321ED43B83008F3071 /* LinearLayout */,
				5755814C1ED43B83008F3071 /* LinearLayoutTests */,
				575581571ED43B83008F3071 /* LinearLayoutUITests */,
				575581311ED43B83008F3071 /* Products */,
			);
			sourceTree = "<group>";
		};
		575581311ED43B83008F3071 /* Products */ = {
			isa = PBXGroup;
			children = (
				575581301ED43B83008F3071 /* LinearLayout.app */,
				575581491ED43B83008F3071 /* LinearLayoutTests.xctest */,
				575581541ED43B83008F3071 /* LinearLayoutUITests.xctest */,
			);
			name = Products;
			sourceTree = "<group>";
		};
		575581321ED43B83008F3071 /* LinearLayout */ = {
			isa = PBXGroup;
			children = (
				575581661ED43BF6008F3071 /* FFLinearLayout */,
				575581361ED43B83008F3071 /* AppDelegate.h */,
				575581371ED43B83008F3071 /* AppDelegate.m */,
				575581391ED43B83008F3071 /* ViewController.h */,
				5755813A1ED43B83008F3071 /* ViewController.m */,
				5755816A1ED43CF3008F3071 /* LinearCell.h */,
				5755816B1ED43CF3008F3071 /* LinearCell.m */,
				5755816C1ED43CF3008F3071 /* LinearCell.xib */,
				5755813C1ED43B83008F3071 /* Main.storyboard */,
				5755813F1ED43B83008F3071 /* Assets.xcassets */,
				575581411ED43B83008F3071 /* LaunchScreen.storyboard */,
				575581441ED43B83008F3071 /* Info.plist */,
				575581331ED43B83008F3071 /* Supporting Files */,
			);
			path = LinearLayout;
			sourceTree = "<group>";
		};
		575581331ED43B83008F3071 /* Supporting Files */ = {
			isa = PBXGroup;
			children = (
				575581341ED43B83008F3071 /* main.m */,
			);
			name = "Supporting Files";
			sourceTree = "<group>";
		};
		5755814C1ED43B83008F3071 /* LinearLayoutTests */ = {
			isa = PBXGroup;
			children = (
				5755814D1ED43B83008F3071 /* LinearLayoutTests.m */,
				5755814F1ED43B83008F3071 /* Info.plist */,
			);
			path = LinearLayoutTests;
			sourceTree = "<group>";
		};
		575581571ED43B83008F3071 /* LinearLayoutUITests */ = {
			isa = PBXGroup;
			children = (
				575581581ED43B83008F3071 /* LinearLayoutUITests.m */,
				5755815A1ED43B83008F3071 /* Info.plist */,
			);
			path = LinearLayoutUITests;
			sourceTree = "<group>";
		};
		575581661ED43BF6008F3071 /* FFLinearLayout */ = {
			isa = PBXGroup;
			children = (
				575581671ED43BF6008F3071 /* FFLinearLayout.h */,
				575581681ED43BF6008F3071 /* FFLinearLayout.m */,
			);
			path = FFLinearLayout;
			sourceTree = "<group>";
		};
/* End PBXGroup section */

/* Begin PBXNativeTarget section */
		5755812F1ED43B83008F3071 /* LinearLayout */ = {
			isa = PBXNativeTarget;
			buildConfigurationList = 5755815D1ED43B83008F3071 /* Build configuration list for PBXNativeTarget "LinearLayout" */;
			buildPhases = (
				5755812C1ED43B83008F3071 /* Sources */,
				5755812D1ED43B83008F3071 /* Frameworks */,
				5755812E1ED43B83008F3071 /* Resources */,
			);
			buildRules = (
			);
			dependencies = (
			);
			name = LinearLayout;
			productName = LinearLayout;
			productReference = 575581301ED43B83008F3071 /* LinearLayout.app */;
			productType = "com.apple.product-type.application";
		};
		575581481ED43B83008F3071 /* LinearLayoutTests */ = {
			isa = PBXNativeTarget;
			buildConfigurationList = 575581601ED43B83008F3071 /* Build configuration list for PBXNativeTarget "LinearLayoutTests" */;
			buildPhases = (
				575581451ED43B83008F3071 /* Sources */,
				575581461ED43B83008F3071 /* Frameworks */,
				575581471ED43B83008F3071 /* Resources */,
			);
			buildRules = (
			);
			dependencies = (
				5755814B1ED43B83008F3071 /* PBXTargetDependency */,
			);
			name = LinearLayoutTests;
			productName = LinearLayoutTests;
			productReference = 575581491ED43B83008F3071 /* LinearLayoutTests.xctest */;
			productType = "com.apple.product-type.bundle.unit-test";
		};
		575581531ED43B83008F3071 /* LinearLayoutUITests */ = {
			isa = PBXNativeTarget;
			buildConfigurationList = 575581631ED43B83008F3071 /* Build configuration list for PBXNativeTarget "LinearLayoutUITests" */;
			buildPhases = (
				575581501ED43B83008F3071 /* Sources */,
				575581511ED43B83008F3071 /* Frameworks */,
				575581521ED43B83008F3071 /* Resources */,
			);
			buildRules = (
			);
			dependencies = (
				575581561ED43B83008F3071 /* PBXTargetDependency */,
			);
			name = LinearLayoutUITests;
			productName = LinearLayoutUITests;
			productReference = 575581541ED43B83008F3071 /* LinearLayoutUITests.xctest */;
			productType = "com.apple.product-type.bundle.ui-testing";
		};
/* End PBXNativeTarget section */

/* Begin PBXProject section */
		575581281ED43B83008F3071 /* Project object */ = {
			isa = PBXProject;
			attributes = {
				LastUpgradeCheck = 0830;
				ORGANIZATIONNAME = FelixKong;
				TargetAttributes = {
					5755812F1ED43B83008F3071 = {
						CreatedOnToolsVersion = 8.3.2;
						ProvisioningStyle = Automatic;
					};
					575581481ED43B83008F3071 = {
						CreatedOnToolsVersion = 8.3.2;
						ProvisioningStyle = Automatic;
						TestTargetID = 5755812F1ED43B83008F3071;
					};
					575581531ED43B83008F3071 = {
						CreatedOnToolsVersion = 8.3.2;
						ProvisioningStyle = Automatic;
						TestTargetID = 5755812F1ED43B83008F3071;
					};
				};
			};
			buildConfigurationList = 5755812B1ED43B83008F3071 /* Build configuration list for PBXProject "LinearLayout" */;
			compatibilityVersion = "Xcode 3.2";
			developmentRegion = English;
			hasScannedForEncodings = 0;
			knownRegions = (
				en,
				Base,
			);
			mainGroup = 575581271ED43B83008F3071;
			productRefGroup = 575581311ED43B83008F3071 /* Products */;
			projectDirPath = "";
			projectRoot = "";
			targets = (
				5755812F1ED43B83008F3071 /* LinearLayout */,
				575581481ED43B83008F3071 /* LinearLayoutTests */,
				575581531ED43B83008F3071 /* LinearLayoutUITests */,
			);
		};
/* End PBXProject section */

/* Begin PBXResourcesBuildPhase section */
		5755812E1ED43B83008F3071 /* Resources */ = {
			isa = PBXResourcesBuildPhase;
			buildActionMask = 2147483647;
			files = (
				575581431ED43B83008F3071 /* LaunchScreen.storyboard in Resources */,
				575581401ED43B83008F3071 /* Assets.xcassets in Resources */,
				5755816E1ED43CF3008F3071 /* LinearCell.xib in Resources */,
				5755813E1ED43B83008F3071 /* Main.storyboard in Resources */,
			);
			runOnlyForDeploymentPostprocessing = 0;
		};
		575581471ED43B83008F3071 /* Resources */ = {
			isa = PBXResourcesBuildPhase;
			buildActionMask = 2147483647;
			files = (
			);
			runOnlyForDeploymentPostprocessing = 0;
		};
		575581521ED43B83008F3071 /* Resources */ = {
			isa = PBXResourcesBuildPhase;
			buildActionMask = 2147483647;
			files = (
			);
			runOnlyForDeploymentPostprocessing = 0;
		};
/* End PBXResourcesBuildPhase section */

/* Begin PBXSourcesBuildPhase section */
		5755812C1ED43B83008F3071 /* Sources */ = {
			isa = PBXSourcesBuildPhase;
			buildActionMask = 2147483647;
			files = (
				575581691ED43BF6008F3071 /* FFLinearLayout.m in Sources */,
				5755813B1ED43B83008F3071 /* ViewController.m in Sources */,
				575581381ED43B83008F3071 /* AppDelegate.m in Sources */,
				575581351ED43B83008F3071 /* main.m in Sources */,
				5755816D1ED43CF3008F3071 /* LinearCell.m in Sources */,
			);
			runOnlyForDeploymentPostprocessing = 0;
		};
		575581451ED43B83008F3071 /* Sources */ = {
			isa = PBXSourcesBuildPhase;
			buildActionMask = 2147483647;
			files = (
				5755814E1ED43B83008F3071 /* LinearLayoutTests.m in Sources */,
			);
			runOnlyForDeploymentPostprocessing = 0;
		};
		575581501ED43B83008F3071 /* Sources */ = {
			isa = PBXSourcesBuildPhase;
			buildActionMask = 2147483647;
			files = (
				575581591ED43B83008F3071 /* LinearLayoutUITests.m in Sources */,
			);
			runOnlyForDeploymentPostprocessing = 0;
		};
/* End PBXSourcesBuildPhase section */

/* Begin PBXTargetDependency section */
		5755814B1ED43B83008F3071 /* PBXTargetDependency */ = {
			isa = PBXTargetDependency;
			target = 5755812F1ED43B83008F3071 /* LinearLayout */;
			targetProxy = 5755814A1ED43B83008F3071 /* PBXContainerItemProxy */;
		};
		575581561ED43B83008F3071 /* PBXTargetDependency */ = {
			isa = PBXTargetDependency;
			target = 5755812F1ED43B83008F3071 /* LinearLayout */;
			targetProxy = 575581551ED43B83008F3071 /* PBXContainerItemProxy */;
		};
/* End PBXTargetDependency section */

/* Begin PBXVariantGroup section */
		5755813C1ED43B83008F3071 /* Main.storyboard */ = {
			isa = PBXVariantGroup;
			children = (
				5755813D1ED43B83008F3071 /* Base */,
			);
			name = Main.storyboard;
			sourceTree = "<group>";
		};
		575581411ED43B83008F3071 /* LaunchScreen.storyboard */ = {
			isa = PBXVariantGroup;
			children = (
				575581421ED43B83008F3071 /* Base */,
			);
			name = LaunchScreen.storyboard;
			sourceTree = "<group>";
		};
/* End PBXVariantGroup section */

/* Begin XCBuildConfiguration section */
		5755815B1ED43B83008F3071 /* Debug */ = {
			isa = XCBuildConfiguration;
			buildSettings = {
				ALWAYS_SEARCH_USER_PATHS = NO;
				CLANG_ANALYZER_NONNULL = YES;
				CLANG_ANALYZER_NUMBER_OBJECT_CONVERSION = YES_AGGRESSIVE;
				CLANG_CXX_LANGUAGE_STANDARD = "gnu++0x";
				CLANG_CXX_LIBRARY = "libc++";
				CLANG_ENABLE_MODULES = YES;
				CLANG_ENABLE_OBJC_ARC = YES;
				CLANG_WARN_BOOL_CONVERSION = YES;
				CLANG_WARN_CONSTANT_CONVERSION = YES;
				CLANG_WARN_DIRECT_OBJC_ISA_USAGE = YES_ERROR;
				CLANG_WARN_DOCUMENTATION_COMMENTS = YES;
				CLANG_WARN_EMPTY_BODY = YES;
				CLANG_WARN_ENUM_CONVERSION = YES;
				CLANG_WARN_INFINITE_RECURSION = YES;
				CLANG_WARN_INT_CONVERSION = YES;
				CLANG_WARN_OBJC_ROOT_CLASS = YES_ERROR;
				CLANG_WARN_SUSPICIOUS_MOVE = YES;
				CLANG_WARN_UNREACHABLE_CODE = YES;
				CLANG_WARN__DUPLICATE_METHOD_MATCH = YES;
				"CODE_SIGN_IDENTITY[sdk=iphoneos*]" = "iPhone Developer";
				COPY_PHASE_STRIP = NO;
				DEBUG_INFORMATION_FORMAT = dwarf;
				ENABLE_STRICT_OBJC_MSGSEND = YES;
				ENABLE_TESTABILITY = YES;
				GCC_C_LANGUAGE_STANDARD = gnu99;
				GCC_DYNAMIC_NO_PIC = NO;
				GCC_NO_COMMON_BLOCKS = YES;
				GCC_OPTIMIZATION_LEVEL = 0;
				GCC_PREPROCESSOR_DEFINITIONS = (
					"DEBUG=1",
					"$(inherited)",
				);
				GCC_WARN_64_TO_32_BIT_CONVERSION = YES;
				GCC_WARN_ABOUT_RETURN_TYPE = YES_ERROR;
				GCC_WARN_UNDECLARED_SELECTOR = YES;
				GCC_WARN_UNINITIALIZED_AUTOS = YES_AGGRESSIVE;
				GCC_WARN_UNUSED_FUNCTION = YES;
				GCC_WARN_UNUSED_VARIABLE = YES;
				IPHONEOS_DEPLOYMENT_TARGET = 10.3;
				MTL_ENABLE_DEBUG_INFO = YES;
				ONLY_ACTIVE_ARCH = YES;
				SDKROOT = iphoneos;
			};
			name = Debug;
		};
		5755815C1ED43B83008F3071 /* Release */ = {
			isa = XCBuildConfiguration;
			buildSettings = {
				ALWAYS_SEARCH_USER_PATHS = NO;
				CLANG_ANALYZER_NONNULL = YES;
				CLANG_ANALYZER_NUMBER_OBJECT_CONVERSION = YES_AGGRESSIVE;
				CLANG_CXX_LANGUAGE_STANDARD = "gnu++0x";
				CLANG_CXX_LIBRARY = "libc++";
				CLANG_ENABLE_MODULES = YES;
				CLANG_ENABLE_OBJC_ARC = YES;
				CLANG_WARN_BOOL_CONVERSION = YES;
				CLANG_WARN_CONSTANT_CONVERSION = YES;
				CLANG_WARN_DIRECT_OBJC_ISA_USAGE = YES_ERROR;
				CLANG_WARN_DOCUMENTATION_COMMENTS = YES;
				CLANG_WARN_EMPTY_BODY = YES;
				CLANG_WARN_ENUM_CONVERSION = YES;
				CLANG_WARN_INFINITE_RECURSION = YES;
				CLANG_WARN_INT_CONVERSION = YES;
				CLANG_WARN_OBJC_ROOT_CLASS = YES_ERROR;
				CLANG_WARN_SUSPICIOUS_MOVE = YES;
				CLANG_WARN_UNREACHABLE_CODE = YES;
				CLANG_WARN__DUPLICATE_METHOD_MATCH = YES;
				"CODE_SIGN_IDENTITY[sdk=iphoneos*]" = "iPhone Developer";
				COPY_PHASE_STRIP = NO;
				DEBUG_INFORMATION_FORMAT = "dwarf-with-dsym";
				ENABLE_NS_ASSERTIONS = NO;
				ENABLE_STRICT_OBJC_MSGSEND = YES;
				GCC_C_LANGUAGE_STANDARD = gnu99;
				GCC_NO_COMMON_BLOCKS = YES;
				GCC_WARN_64_TO_32_BIT_CONVERSION = YES;
				GCC_WARN_ABOUT_RETURN_TYPE = YES_ERROR;
				GCC_WARN_UNDECLARED_SELECTOR = YES;
				GCC_WARN_UNINITIALIZED_AUTOS = YES_AGGRESSIVE;
				GCC_WARN_UNUSED_FUNCTION = YES;
				GCC_WARN_UNUSED_VARIABLE = YES;
				IPHONEOS_DEPLOYMENT_TARGET = 10.3;
				MTL_ENABLE_DEBUG_INFO = NO;
				SDKROOT = iphoneos;
				VALIDATE_PRODUCT = YES;
			};
			name = Release;
		};
		5755815E1ED43B83008F3071 /* Debug */ = {
			isa = XCBuildConfiguration;
			buildSettings = {
				ASSETCATALOG_COMPILER_APPICON_NAME = AppIcon;
				INFOPLIST_FILE = LinearLayout/Info.plist;
				LD_RUNPATH_SEARCH_PATHS = "$(inherited) @executable_path/Frameworks";
				PRODUCT_BUNDLE_IDENTIFIER = FelixKong.LinearLayout;
				PRODUCT_NAME = "$(TARGET_NAME)";
			};
			name = Debug;
		};
		5755815F1ED43B83008F3071 /* Release */ = {
			isa = XCBuildConfiguration;
			buildSettings = {
				ASSETCATALOG_COMPILER_APPICON_NAME = AppIcon;
				INFOPLIST_FILE = LinearLayout/Info.plist;
				LD_RUNPATH_SEARCH_PATHS = "$(inherited) @executable_path/Frameworks";
				PRODUCT_BUNDLE_IDENTIFIER = FelixKong.LinearLayout;
				PRODUCT_NAME = "$(TARGET_NAME)";
			};
			name = Release;
		};
		575581611ED43B83008F3071 /* Debug */ = {
			isa = XCBuildConfiguration;
			buildSettings = {
				BUNDLE_LOADER = "$(TEST_HOST)";
				INFOPLIST_FILE = LinearLayoutTests/Info.plist;
				LD_RUNPATH_SEARCH_PATHS = "$(inherited) @executable_path/Frameworks @loader_path/Frameworks";
				PRODUCT_BUNDLE_IDENTIFIER = FelixKong.LinearLayoutTests;
				PRODUCT_NAME = "$(TARGET_NAME)";
				TEST_HOST = "$(BUILT_PRODUCTS_DIR)/LinearLayout.app/LinearLayout";
			};
			name = Debug;
		};
		575581621ED43B83008F3071 /* Release */ = {
			isa = XCBuildConfiguration;
			buildSettings = {
				BUNDLE_LOADER = "$(TEST_HOST)";
				INFOPLIST_FILE = LinearLayoutTests/Info.plist;
				LD_RUNPATH_SEARCH_PATHS = "$(inherited) @executable_path/Frameworks @loader_path/Frameworks";
				PRODUCT_BUNDLE_IDENTIFIER = FelixKong.LinearLayoutTests;
				PRODUCT_NAME = "$(TARGET_NAME)";
				TEST_HOST = "$(BUILT_PRODUCTS_DIR)/LinearLayout.app/LinearLayout";
			};
			name = Release;
		};
		575581641ED43B83008F3071 /* Debug */ = {
			isa = XCBuildConfiguration;
			buildSettings = {
				INFOPLIST_FILE = LinearLayoutUITests/Info.plist;
				LD_RUNPATH_SEARCH_PATHS = "$(inherited) @executable_path/Frameworks @loader_path/Frameworks";
				PRODUCT_BUNDLE_IDENTIFIER = FelixKong.LinearLayoutUITests;
				PRODUCT_NAME = "$(TARGET_NAME)";
				TEST_TARGET_NAME = LinearLayout;
			};
			name = Debug;
		};
		575581651ED43B83008F3071 /* Release */ = {
			isa = XCBuildConfiguration;
			buildSettings = {
				INFOPLIST_FILE = LinearLayoutUITests/Info.plist;
				LD_RUNPATH_SEARCH_PATHS = "$(inherited) @executable_path/Frameworks @loader_path/Frameworks";
				PRODUCT_BUNDLE_IDENTIFIER = FelixKong.LinearLayoutUITests;
				PRODUCT_NAME = "$(TARGET_NAME)";
				TEST_TARGET_NAME = LinearLayout;
			};
			name = Release;
		};
/* End XCBuildConfiguration section */

/* Begin XCConfigurationList section */
		5755812B1ED43B83008F3071 /* Build configuration list for PBXProject "LinearLayout" */ = {
			isa = XCConfigurationList;
			buildConfigurations = (
				5755815B1ED43B83008F3071 /* Debug */,
				5755815C1ED43B83008F3071 /* Release */,
			);
			defaultConfigurationIsVisible = 0;
			defaultConfigurationName = Release;
		};
		5755815D1ED43B83008F3071 /* Build configuration list for PBXNativeTarget "LinearLayout" */ = {
			isa = XCConfigurationList;
			buildConfigurations = (
				5755815E1ED43B83008F3071 /* Debug */,
				5755815F1ED43B83008F3071 /* Release */,
			);
			defaultConfigurationIsVisible = 0;
		};
		575581601ED43B83008F3071 /* Build configuration list for PBXNativeTarget "LinearLayoutTests" */ = {
			isa = XCConfigurationList;
			buildConfigurations = (
				575581611ED43B83008F3071 /* Debug */,
				575581621ED43B83008F3071 /* Release */,
			);
			defaultConfigurationIsVisible = 0;
		};
		575581631ED43B83008F3071 /* Build configuration list for PBXNativeTarget "LinearLayoutUITests" */ = {
			isa = XCConfigurationList;
			buildConfigurations = (
				575581641ED43B83008F3071 /* Debug */,
				575581651ED43B83008F3071 /* Release */,
			);
			defaultConfigurationIsVisible = 0;
		};
/* End XCConfigurationList section */
	};
	rootObject = 575581281ED43B83008F3071 /* Project object */;
}
